
Microsoft Visual Studio Solution File, Format Version 12.00
# Visual Studio Version 17
VisualStudioVersion = 17.9.34701.34
MinimumVisualStudioVersion = 10.0.40219.1
Project("{FAE04EC0-301F-11D3-BF4B-00C04F79EFBC}") = "WebApiEx", "WebApiEx\WebApiEx.csproj", "{78E76EAD-49E0-4123-96BE-E80D4EC94D23}"
EndProject
Global
	GlobalSection(SolutionConfigurationPlatforms) = preSolution
		Debug|Any CPU = Debug|Any CPU
		Release|Any CPU = Release|Any CPU
	EndGlobalSection
	GlobalSection(ProjectConfigurationPlatforms) = postSolution
		{78E76EAD-49E0-4123-96BE-E80D4EC94D23}.Debug|Any CPU.ActiveCfg = Debug|Any CPU
		{78E76EAD-49E0-4123-96BE-E80D4EC94D23}.Debug|Any CPU.Build.0 = Debug|Any CPU
		{78E76EAD-49E0-4123-96BE-E80D4EC94D23}.Release|Any CPU.ActiveCfg = Release|Any CPU
		{78E76EAD-49E0-4123-96BE-E80D4EC94D23}.Release|Any CPU.Build.0 = Release|Any CPU
	EndGlobalSection
	GlobalSection(SolutionProperties) = preSolution
		HideSolutionNode = FALSE
	EndGlobalSection
	GlobalSection(ExtensibilityGlobals) = postSolution
		SolutionGuid = {5ACC0B5A-E710-4F0A-A57B-A9963C2E9F8F}
	EndGlobalSection
EndGlobal
